
Microsoft Visual Studio Solution File, Format Version 12.00
# Visual Studio Version 17
VisualStudioVersion = 17.11.35303.130
MinimumVisualStudioVersion = 10.0.40219.1
Project("{FAE04EC0-301F-11D3-BF4B-00C04F79EFBC}") = "operPerc", "operPerc\operPerc.csproj", "{91075FFE-4BED-4BB6-937E-B723D49A76E4}"
EndProject
Global
	GlobalSection(SolutionConfigurationPlatforms) = preSolution
		Debug|Any CPU = Debug|Any CPU
		Release|Any CPU = Release|Any CPU
	EndGlobalSection
	GlobalSection(ProjectConfigurationPlatforms) = postSolution
		{91075FFE-4BED-4BB6-937E-B723D49A76E4}.Debug|Any CPU.ActiveCfg = Debug|Any CPU
		{91075FFE-4BED-4BB6-937E-B723D49A76E4}.Debug|Any CPU.Build.0 = Debug|Any CPU
		{91075FFE-4BED-4BB6-937E-B723D49A76E4}.Release|Any CPU.ActiveCfg = Release|Any CPU
		{91075FFE-4BED-4BB6-937E-B723D49A76E4}.Release|Any CPU.Build.0 = Release|Any CPU
	EndGlobalSection
	GlobalSection(SolutionProperties) = preSolution
		HideSolutionNode = FALSE
	EndGlobalSection
	GlobalSection(ExtensibilityGlobals) = postSolution
		SolutionGuid = {3B8EE92F-7152-46D1-82E1-CDF16FAEB964}
	EndGlobalSection
EndGlobal
