
Microsoft Visual Studio Solution File, Format Version 12.00
# Visual Studio Version 17
VisualStudioVersion = 17.11.35303.130
MinimumVisualStudioVersion = 10.0.40219.1
Project("{FAE04EC0-301F-11D3-BF4B-00C04F79EFBC}") = "operRaiz2", "operRaiz2\operRaiz2.csproj", "{0FF67BBE-E705-43AF-96F5-B5C421967E65}"
EndProject
Global
	GlobalSection(SolutionConfigurationPlatforms) = preSolution
		Debug|Any CPU = Debug|Any CPU
		Release|Any CPU = Release|Any CPU
	EndGlobalSection
	GlobalSection(ProjectConfigurationPlatforms) = postSolution
		{0FF67BBE-E705-43AF-96F5-B5C421967E65}.Debug|Any CPU.ActiveCfg = Debug|Any CPU
		{0FF67BBE-E705-43AF-96F5-B5C421967E65}.Debug|Any CPU.Build.0 = Debug|Any CPU
		{0FF67BBE-E705-43AF-96F5-B5C421967E65}.Release|Any CPU.ActiveCfg = Release|Any CPU
		{0FF67BBE-E705-43AF-96F5-B5C421967E65}.Release|Any CPU.Build.0 = Release|Any CPU
	EndGlobalSection
	GlobalSection(SolutionProperties) = preSolution
		HideSolutionNode = FALSE
	EndGlobalSection
	GlobalSection(ExtensibilityGlobals) = postSolution
		SolutionGuid = {8A051313-9082-45E3-9A40-2C68D31D4F43}
	EndGlobalSection
EndGlobal
