
Microsoft Visual Studio Solution File, Format Version 12.00
# Visual Studio Version 17
VisualStudioVersion = 17.11.35303.130
MinimumVisualStudioVersion = 10.0.40219.1
Project("{FAE04EC0-301F-11D3-BF4B-00C04F79EFBC}") = "operExp3", "operExp3\operExp3.csproj", "{43D8A570-057E-4478-912B-15DCC208E241}"
EndProject
Global
	GlobalSection(SolutionConfigurationPlatforms) = preSolution
		Debug|Any CPU = Debug|Any CPU
		Release|Any CPU = Release|Any CPU
	EndGlobalSection
	GlobalSection(ProjectConfigurationPlatforms) = postSolution
		{43D8A570-057E-4478-912B-15DCC208E241}.Debug|Any CPU.ActiveCfg = Debug|Any CPU
		{43D8A570-057E-4478-912B-15DCC208E241}.Debug|Any CPU.Build.0 = Debug|Any CPU
		{43D8A570-057E-4478-912B-15DCC208E241}.Release|Any CPU.ActiveCfg = Release|Any CPU
		{43D8A570-057E-4478-912B-15DCC208E241}.Release|Any CPU.Build.0 = Release|Any CPU
	EndGlobalSection
	GlobalSection(SolutionProperties) = preSolution
		HideSolutionNode = FALSE
	EndGlobalSection
	GlobalSection(ExtensibilityGlobals) = postSolution
		SolutionGuid = {EC66754B-4925-4BB4-8302-923EAFBA807D}
	EndGlobalSection
EndGlobal
