
Microsoft Visual Studio Solution File, Format Version 12.00
# Visual Studio Version 17
VisualStudioVersion = 17.11.35303.130
MinimumVisualStudioVersion = 10.0.40219.1
Project("{FAE04EC0-301F-11D3-BF4B-00C04F79EFBC}") = "operPow10", "operPow10\operPow10.csproj", "{4D44693E-5DDD-451C-A2FF-3A08030EA873}"
EndProject
Global
	GlobalSection(SolutionConfigurationPlatforms) = preSolution
		Debug|Any CPU = Debug|Any CPU
		Release|Any CPU = Release|Any CPU
	EndGlobalSection
	GlobalSection(ProjectConfigurationPlatforms) = postSolution
		{4D44693E-5DDD-451C-A2FF-3A08030EA873}.Debug|Any CPU.ActiveCfg = Debug|Any CPU
		{4D44693E-5DDD-451C-A2FF-3A08030EA873}.Debug|Any CPU.Build.0 = Debug|Any CPU
		{4D44693E-5DDD-451C-A2FF-3A08030EA873}.Release|Any CPU.ActiveCfg = Release|Any CPU
		{4D44693E-5DDD-451C-A2FF-3A08030EA873}.Release|Any CPU.Build.0 = Release|Any CPU
	EndGlobalSection
	GlobalSection(SolutionProperties) = preSolution
		HideSolutionNode = FALSE
	EndGlobalSection
	GlobalSection(ExtensibilityGlobals) = postSolution
		SolutionGuid = {1824B462-C9A8-4452-8937-3B5AA8247F1A}
	EndGlobalSection
EndGlobal
